Sending build context to Docker daemon   15.9kB
Step 1/12 : FROM node:20-alpine AS builder
 ---> 09e2b3d97260
Step 2/12 : WORKDIR /app
 ---> Using cache
 ---> efc801691e17
Step 3/12 : COPY package.json ./
 ---> Using cache
 ---> 6d71be89b225
Step 4/12 : RUN npm install
 ---> Using cache
 ---> f8c34079933c
Step 5/12 : COPY . .
 ---> Using cache
 ---> d55ca4a9f526
Step 6/12 : RUN npm run build
 ---> Running in bcb0e6f602de

> fleet-frontend@1.0.0 build
> tsc && vite build

src/components/Layout.tsx(4,20): error TS2307: Cannot find module './Layout.module.css' or its corresponding type declarations.
src/components/StatusBadge/StatusBadge.tsx(1,20): error TS2307: Cannot find module './StatusBadge.module.css' or its corresponding type declarations.
src/pages/DashboardPage.tsx(3,20): error TS2307: Cannot find module './DashboardPage.module.css' or its corresponding type declarations.
src/pages/DriversPage.tsx(5,20): error TS2307: Cannot find module './TablePage.module.css' or its corresponding type declarations.
src/pages/FuelPage.tsx(4,20): error TS2307: Cannot find module './TablePage.module.css' or its corresponding type declarations.
src/pages/LoginPage.tsx(4,20): error TS2307: Cannot find module './LoginPage.module.css' or its corresponding type declarations.
src/pages/MaintenancePage.tsx(5,20): error TS2307: Cannot find module './TablePage.module.css' or its corresponding type declarations.
src/pages/ReportsPage.tsx(19,20): error TS2307: Cannot find module './ReportsPage.module.css' or its corresponding type declarations.
src/pages/VehicleDetailPage.tsx(5,20): error TS2307: Cannot find module './DetailPage.module.css' or its corresponding type declarations.
src/pages/VehiclesPage.tsx(7,20): error TS2307: Cannot find module './TablePage.module.css' or its corresponding type declarations.
